
Microsoft Visual Studio Solution File, Format Version 12.00
# Visual Studio 15
VisualStudioVersion = 15.0.26124.0
MinimumVisualStudioVersion = 15.0.26124.0
Project("{2150E333-8FDC-42A3-9474-1A3956D46DE8}") = "src", "src", "{998DF96E-26F9-4810-A95A-AF7541BBEFE6}"
EndProject
Project("{FAE04EC0-301F-11D3-BF4B-00C04F79EFBC}") = "ClipSync.Web", "src\ClipSync.Web\ClipSync.Web.csproj", "{51D63383-2FC2-42C3-8AE7-E7232959D5A5}"
EndProject
Global
	GlobalSection(SolutionConfigurationPlatforms) = preSolution
		Debug|Any CPU = Debug|Any CPU
		Debug|x64 = Debug|x64
		Debug|x86 = Debug|x86
		Release|Any CPU = Release|Any CPU
		Release|x64 = Release|x64
		Release|x86 = Release|x86
	EndGlobalSection
	GlobalSection(SolutionProperties) = preSolution
		HideSolutionNode = FALSE
	EndGlobalSection
	GlobalSection(ProjectConfigurationPlatforms) = postSolution
		{51D63383-2FC2-42C3-8AE7-E7232959D5A5}.Debug|Any CPU.ActiveCfg = Debug|Any CPU
		{51D63383-2FC2-42C3-8AE7-E7232959D5A5}.Debug|Any CPU.Build.0 = Debug|Any CPU
		{51D63383-2FC2-42C3-8AE7-E7232959D5A5}.Debug|x64.ActiveCfg = Debug|Any CPU
		{51D63383-2FC2-42C3-8AE7-E7232959D5A5}.Debug|x64.Build.0 = Debug|Any CPU
		{51D63383-2FC2-42C3-8AE7-E7232959D5A5}.Debug|x86.ActiveCfg = Debug|Any CPU
		{51D63383-2FC2-42C3-8AE7-E7232959D5A5}.Debug|x86.Build.0 = Debug|Any CPU
		{51D63383-2FC2-42C3-8AE7-E7232959D5A5}.Release|Any CPU.ActiveCfg = Release|Any CPU
		{51D63383-2FC2-42C3-8AE7-E7232959D5A5}.Release|Any CPU.Build.0 = Release|Any CPU
		{51D63383-2FC2-42C3-8AE7-E7232959D5A5}.Release|x64.ActiveCfg = Release|Any CPU
		{51D63383-2FC2-42C3-8AE7-E7232959D5A5}.Release|x64.Build.0 = Release|Any CPU
		{51D63383-2FC2-42C3-8AE7-E7232959D5A5}.Release|x86.ActiveCfg = Release|Any CPU
		{51D63383-2FC2-42C3-8AE7-E7232959D5A5}.Release|x86.Build.0 = Release|Any CPU
	EndGlobalSection
	GlobalSection(NestedProjects) = preSolution
		{51D63383-2FC2-42C3-8AE7-E7232959D5A5} = {998DF96E-26F9-4810-A95A-AF7541BBEFE6}
	EndGlobalSection
EndGlobal
